
Microsoft Visual Studio Solution File, Format Version 12.00
# Visual Studio Version 16
VisualStudioVersion = 16.0.31410.357
MinimumVisualStudioVersion = 10.0.40219.1
Project("{FAE04EC0-301F-11D3-BF4B-00C04F79EFBC}") = "LanguageBasics", "LanguageBasics\LanguageBasics.csproj", "{361084C5-7F79-4FEA-8EDF-4B293870D12B}"
EndProject
Global
	GlobalSection(SolutionConfigurationPlatforms) = preSolution
		Debug|Any CPU = Debug|Any CPU
		Release|Any CPU = Release|Any CPU
	EndGlobalSection
	GlobalSection(ProjectConfigurationPlatforms) = postSolution
		{361084C5-7F79-4FEA-8EDF-4B293870D12B}.Debug|Any CPU.ActiveCfg = Debug|Any CPU
		{361084C5-7F79-4FEA-8EDF-4B293870D12B}.Debug|Any CPU.Build.0 = Debug|Any CPU
		{361084C5-7F79-4FEA-8EDF-4B293870D12B}.Release|Any CPU.ActiveCfg = Release|Any CPU
		{361084C5-7F79-4FEA-8EDF-4B293870D12B}.Release|Any CPU.Build.0 = Release|Any CPU
	EndGlobalSection
	GlobalSection(SolutionProperties) = preSolution
		HideSolutionNode = FALSE
	EndGlobalSection
	GlobalSection(ExtensibilityGlobals) = postSolution
		SolutionGuid = {6CC03793-1518-4EA2-93FB-29707A6FEB22}
	EndGlobalSection
EndGlobal
